lockfileVersion: '9.0'

settings:
  autoInstallPeers: true
  excludeLinksFromLockfile: false

importers:

  projects/dashboard:
    dependencies:
      '@smuzi/database':
        specifier: workspace:*
        version: link:../../smuzi/database
      '@smuzi/router':
        specifier: workspace:*
        version: link:../../smuzi/router
      '@smuzi/server':
        specifier: workspace:*
        version: link:../../smuzi/server
      '@smuzi/std':
        specifier: workspace:*
        version: link:../../smuzi/std
      '@smuzi/tests':
        specifier: workspace:*
        version: link:../../smuzi/tests
    devDependencies:
      '@types/node':
        specifier: ^22.15.21
        version: 22.16.3

  smuzi/database:
    dependencies:
      '@smuzi/std':
        specifier: workspace:*
        version: link:../std
      '@smuzi/tests':
        specifier: workspace:*
        version: link:../tests
    devDependencies:
      '@types/node':
        specifier: ^22.15.21
        version: 22.16.3

  smuzi/faker:
    dependencies:
      '@smuzi/std-old':
        specifier: workspace:*
        version: link:../stdOld
    devDependencies:
      '@smuzi/tests':
        specifier: workspace:*
        version: link:../tests
      '@types/node':
        specifier: ^22.15.21
        version: 22.16.3

  smuzi/green-threads:
    dependencies:
      '@smuzi/std':
        specifier: workspace:*
        version: link:../std
      noroutine:
        specifier: ^0.0.7
        version: 0.0.7
    devDependencies:
      '@types/node':
        specifier: ^22.15.21
        version: 22.16.3

  smuzi/router:
    dependencies:
      '@smuzi/std':
        specifier: workspace:*
        version: link:../std
      '@smuzi/tests':
        specifier: workspace:*
        version: link:../tests
    devDependencies:
      '@types/node':
        specifier: ^22.15.21
        version: 22.16.3

  smuzi/server:
    dependencies:
      '@smuzi/router':
        specifier: workspace:*
        version: link:../router
      '@smuzi/std':
        specifier: workspace:*
        version: link:../std
      '@smuzi/tests':
        specifier: workspace:*
        version: link:../tests
    devDependencies:
      '@types/node':
        specifier: ^22.15.21
        version: 22.16.3

  smuzi/std:
    dependencies:
      '@smuzi/faker':
        specifier: workspace:*
        version: link:../faker
      '@smuzi/tests':
        specifier: workspace:*
        version: link:../tests
    devDependencies:
      '@types/node':
        specifier: ^22.15.21
        version: 22.16.3

  smuzi/stdOld:
    dependencies:
      '@smuzi/faker':
        specifier: workspace:*
        version: link:../faker
      '@smuzi/tests':
        specifier: workspace:*
        version: link:../tests
    devDependencies:
      '@types/node':
        specifier: ^22.15.21
        version: 22.16.3

  smuzi/tests:
    dependencies:
      '@smuzi/std':
        specifier: workspace:*
        version: link:../std
    devDependencies:
      '@types/node':
        specifier: ^22.15.21
        version: 22.16.3

packages:

  '@types/node@22.16.3':
    resolution: {integrity: sha512-sr4Xz74KOUeYadexo1r8imhRtlVXcs+j3XK3TcoiYk7B1t3YRVJgtaD3cwX73NYb71pmVuMLNRhJ9XKdoDB74g==}

  noroutine@0.0.7:
    resolution: {integrity: sha512-SEMONrCWGWDPpaVZf4DeRZEgKiUcP+Ih6ktVmZgm1glDmlO1VXHwToMH8Vj25bYzdbDD4Sjj5jSq4neMxmwqJg==}
    engines: {node: ^12.22 || ^14.17 || 16 || 18}

  undici-types@6.21.0:
    resolution: {integrity: sha512-iwDZqg0QAGrg9Rav5H4n0M64c3mkR59cJ6wQp+7C4nI0gsmExaedaYLNO44eT4AtBBwjbTiGPMlt2Md0T9H9JQ==}

snapshots:

  '@types/node@22.16.3':
    dependencies:
      undici-types: 6.21.0

  noroutine@0.0.7: {}

  undici-types@6.21.0: {}
